
Microsoft Visual Studio Solution File, Format Version 12.00
# Visual Studio Version 17
VisualStudioVersion = 17.5.33516.290
MinimumVisualStudioVersion = 10.0.40219.1
Project("{FAE04EC0-301F-11D3-BF4B-00C04F79EFBC}") = "FunctionAppWithRedis", "FunctionAppWithRedis\FunctionAppWithRedis.csproj", "{7CD78479-7D7A-42AE-BEAA-52174F2D99E5}"
EndProject
Global
	GlobalSection(SolutionConfigurationPlatforms) = preSolution
		Debug|Any CPU = Debug|Any CPU
		Release|Any CPU = Release|Any CPU
	EndGlobalSection
	GlobalSection(ProjectConfigurationPlatforms) = postSolution
		{7CD78479-7D7A-42AE-BEAA-52174F2D99E5}.Debug|Any CPU.ActiveCfg = Debug|Any CPU
		{7CD78479-7D7A-42AE-BEAA-52174F2D99E5}.Debug|Any CPU.Build.0 = Debug|Any CPU
		{7CD78479-7D7A-42AE-BEAA-52174F2D99E5}.Release|Any CPU.ActiveCfg = Release|Any CPU
		{7CD78479-7D7A-42AE-BEAA-52174F2D99E5}.Release|Any CPU.Build.0 = Release|Any CPU
	EndGlobalSection
	GlobalSection(SolutionProperties) = preSolution
		HideSolutionNode = FALSE
	EndGlobalSection
	GlobalSection(ExtensibilityGlobals) = postSolution
		SolutionGuid = {6375C895-448F-4D35-9852-F5C129F14DD6}
	EndGlobalSection
EndGlobal
